{
  "name": "westwise-ai-powered-waste-classification-and-sustainable-management-platform-for-urban-communities",
  "version": "1.0.0",
  "lockfileVersion": 3,
  "requires": true,
  "packages": {
    "": {
      "name": "westwise-ai-powered-waste-classification-and-sustainable-management-platform-for-urban-communities",
      "version": "1.0.0",
      "license": "ISC"
    }
  }
}
